{
  "name": "quiet-rumble-machine",
  "lockfileVersion": 3,
  "requires": true,
  "packages": {
    "": {
      "dependencies": {
        "qrcode-generator": "^2.0.2"
      }
    },
    "node_modules/qrcode-generator": {
      "version": "2.0.2",
      "resolved": "https://registry.npmjs.org/qrcode-generator/-/qrcode-generator-2.0.2.tgz",
      "integrity": "sha512-1uRIBGF1qsh+mRXumB4KCPaOxEUbwrs/wuq6/ZcRDg1U6MbKWS42/ykO77Y3bgPjbvJUo0ukK0hTu+KCVstweg==",
      "license": "MIT"
    }
  }
}
