{
  "name": "quiet-rumble-machine",
  "lockfileVersion": 3,
  "requires": true,
  "packages": {
    "": {
      "dependencies": {
        "dotenv": "^17.2.0",
        "qrcode-generator": "^2.0.2"
      }
    },
    "node_modules/dotenv": {
      "version": "17.2.0",
      "resolved": "https://registry.npmjs.org/dotenv/-/dotenv-17.2.0.tgz",
      "integrity": "sha512-Q4sgBT60gzd0BB0lSyYD3xM4YxrXA9y4uBDof1JNYGzOXrQdQ6yX+7XIAqoFOGQFOTK1D3Hts5OllpxMDZFONQ==",
      "license": "BSD-2-Clause",
      "engines": {
        "node": ">=12"
      },
      "funding": {
        "url": "https://dotenvx.com"
      }
    },
    "node_modules/qrcode-generator": {
      "version": "2.0.2",
      "resolved": "https://registry.npmjs.org/qrcode-generator/-/qrcode-generator-2.0.2.tgz",
      "integrity": "sha512-1uRIBGF1qsh+mRXumB4KCPaOxEUbwrs/wuq6/ZcRDg1U6MbKWS42/ykO77Y3bgPjbvJUo0ukK0hTu+KCVstweg==",
      "license": "MIT"
    }
  }
}
